
Microsoft Visual Studio Solution File, Format Version 12.00
# Visual Studio Version 17
VisualStudioVersion = 17.11.35327.3
MinimumVisualStudioVersion = 10.0.40219.1
Project("{9A19103F-16F7-4668-BE54-9A1E7A4F7556}") = "WebAPI", "WebAPI.csproj", "{9CF1DCA4-F0CD-48F9-A708-F232FE5B9994}"
EndProject
Project("{9A19103F-16F7-4668-BE54-9A1E7A4F7556}") = "DataAccess", "..\DataAccess\DataAccess.csproj", "{EA54561D-11DF-44B4-92E0-6B1371EAA6A5}"
EndProject
Project("{9A19103F-16F7-4668-BE54-9A1E7A4F7556}") = "BusinessLogic", "..\Businesslogic\BusinessLogic.csproj", "{422DCA60-B6FA-4783-A015-B8253FE4F108}"
EndProject
Global
	GlobalSection(SolutionConfigurationPlatforms) = preSolution
		Debug|Any CPU = Debug|Any CPU
		Release|Any CPU = Release|Any CPU
	EndGlobalSection
	GlobalSection(ProjectConfigurationPlatforms) = postSolution
		{9CF1DCA4-F0CD-48F9-A708-F232FE5B9994}.Debug|Any CPU.ActiveCfg = Debug|Any CPU
		{9CF1DCA4-F0CD-48F9-A708-F232FE5B9994}.Debug|Any CPU.Build.0 = Debug|Any CPU
		{9CF1DCA4-F0CD-48F9-A708-F232FE5B9994}.Release|Any CPU.ActiveCfg = Release|Any CPU
		{9CF1DCA4-F0CD-48F9-A708-F232FE5B9994}.Release|Any CPU.Build.0 = Release|Any CPU
		{EA54561D-11DF-44B4-92E0-6B1371EAA6A5}.Debug|Any CPU.ActiveCfg = Debug|Any CPU
		{EA54561D-11DF-44B4-92E0-6B1371EAA6A5}.Debug|Any CPU.Build.0 = Debug|Any CPU
		{EA54561D-11DF-44B4-92E0-6B1371EAA6A5}.Release|Any CPU.ActiveCfg = Release|Any CPU
		{EA54561D-11DF-44B4-92E0-6B1371EAA6A5}.Release|Any CPU.Build.0 = Release|Any CPU
		{422DCA60-B6FA-4783-A015-B8253FE4F108}.Debug|Any CPU.ActiveCfg = Debug|Any CPU
		{422DCA60-B6FA-4783-A015-B8253FE4F108}.Debug|Any CPU.Build.0 = Debug|Any CPU
		{422DCA60-B6FA-4783-A015-B8253FE4F108}.Release|Any CPU.ActiveCfg = Release|Any CPU
		{422DCA60-B6FA-4783-A015-B8253FE4F108}.Release|Any CPU.Build.0 = Release|Any CPU
	EndGlobalSection
	GlobalSection(SolutionProperties) = preSolution
		HideSolutionNode = FALSE
	EndGlobalSection
	GlobalSection(ExtensibilityGlobals) = postSolution
		SolutionGuid = {9ACFE0AE-A2AB-4265-B4B4-6A67073C83C3}
	EndGlobalSection
EndGlobal
